
Microsoft Visual Studio Solution File, Format Version 12.00
# Visual Studio Version 17
VisualStudioVersion = 17.1.32210.238
MinimumVisualStudioVersion = 10.0.40219.1
Project("{FAE04EC0-301F-11D3-BF4B-00C04F79EFBC}") = "PrimePartTracker", "PrimePartTracker\PrimePartTracker.csproj", "{E6CB7A94-5015-4E3C-8B8B-C57115A2439C}"
EndProject
Global
	GlobalSection(SolutionConfigurationPlatforms) = preSolution
		Debug|Any CPU = Debug|Any CPU
		Release|Any CPU = Release|Any CPU
	EndGlobalSection
	GlobalSection(ProjectConfigurationPlatforms) = postSolution
		{E6CB7A94-5015-4E3C-8B8B-C57115A2439C}.Debug|Any CPU.ActiveCfg = Debug|Any CPU
		{E6CB7A94-5015-4E3C-8B8B-C57115A2439C}.Debug|Any CPU.Build.0 = Debug|Any CPU
		{E6CB7A94-5015-4E3C-8B8B-C57115A2439C}.Release|Any CPU.ActiveCfg = Release|Any CPU
		{E6CB7A94-5015-4E3C-8B8B-C57115A2439C}.Release|Any CPU.Build.0 = Release|Any CPU
	EndGlobalSection
	GlobalSection(SolutionProperties) = preSolution
		HideSolutionNode = FALSE
	EndGlobalSection
	GlobalSection(ExtensibilityGlobals) = postSolution
		SolutionGuid = {DB9CDA24-8680-4C94-AD0F-28F9ECC78EC2}
	EndGlobalSection
EndGlobal
